
Microsoft Visual Studio Solution File, Format Version 12.00
# Visual Studio Version 17
VisualStudioVersion = 17.10.34928.147
MinimumVisualStudioVersion = 10.0.40219.1
Project("{9A19103F-16F7-4668-BE54-9A1E7A4F7556}") = "CRMParkTest", "CRMParkTest\CRMParkTest.csproj", "{7A35E874-A62F-4B64-9D8D-6768A1A371C5}"
EndProject
Project("{9A19103F-16F7-4668-BE54-9A1E7A4F7556}") = "Kernel", "Kernel\Kernel.csproj", "{D998B2AC-291B-4880-9E23-7141B0BE3194}"
EndProject
Project("{FAE04EC0-301F-11D3-BF4B-00C04F79EFBC}") = "FnsKernel", "FnsKernel\FnsKernel.csproj", "{7D7DDC36-96AB-4D39-B028-17B1EEA67EB5}"
EndProject
Project("{FAE04EC0-301F-11D3-BF4B-00C04F79EFBC}") = "CRMParkStarter", "CRMParkStarter\CRMParkStarter.csproj", "{80DB751A-61CA-4FEF-9BCD-E92328C03147}"
EndProject
Global
	GlobalSection(SolutionConfigurationPlatforms) = preSolution
		Debug|Any CPU = Debug|Any CPU
		Release|Any CPU = Release|Any CPU
	EndGlobalSection
	GlobalSection(ProjectConfigurationPlatforms) = postSolution
		{7A35E874-A62F-4B64-9D8D-6768A1A371C5}.Debug|Any CPU.ActiveCfg = Debug|Any CPU
		{7A35E874-A62F-4B64-9D8D-6768A1A371C5}.Debug|Any CPU.Build.0 = Debug|Any CPU
		{7A35E874-A62F-4B64-9D8D-6768A1A371C5}.Release|Any CPU.ActiveCfg = Release|Any CPU
		{7A35E874-A62F-4B64-9D8D-6768A1A371C5}.Release|Any CPU.Build.0 = Release|Any CPU
		{D998B2AC-291B-4880-9E23-7141B0BE3194}.Debug|Any CPU.ActiveCfg = Debug|Any CPU
		{D998B2AC-291B-4880-9E23-7141B0BE3194}.Debug|Any CPU.Build.0 = Debug|Any CPU
		{D998B2AC-291B-4880-9E23-7141B0BE3194}.Release|Any CPU.ActiveCfg = Release|Any CPU
		{D998B2AC-291B-4880-9E23-7141B0BE3194}.Release|Any CPU.Build.0 = Release|Any CPU
		{7D7DDC36-96AB-4D39-B028-17B1EEA67EB5}.Debug|Any CPU.ActiveCfg = Debug|Any CPU
		{7D7DDC36-96AB-4D39-B028-17B1EEA67EB5}.Debug|Any CPU.Build.0 = Debug|Any CPU
		{7D7DDC36-96AB-4D39-B028-17B1EEA67EB5}.Release|Any CPU.ActiveCfg = Release|Any CPU
		{7D7DDC36-96AB-4D39-B028-17B1EEA67EB5}.Release|Any CPU.Build.0 = Release|Any CPU
		{80DB751A-61CA-4FEF-9BCD-E92328C03147}.Debug|Any CPU.ActiveCfg = Debug|Any CPU
		{80DB751A-61CA-4FEF-9BCD-E92328C03147}.Debug|Any CPU.Build.0 = Debug|Any CPU
		{80DB751A-61CA-4FEF-9BCD-E92328C03147}.Release|Any CPU.ActiveCfg = Release|Any CPU
		{80DB751A-61CA-4FEF-9BCD-E92328C03147}.Release|Any CPU.Build.0 = Release|Any CPU
	EndGlobalSection
	GlobalSection(SolutionProperties) = preSolution
		HideSolutionNode = FALSE
	EndGlobalSection
	GlobalSection(ExtensibilityGlobals) = postSolution
		SolutionGuid = {3A348477-CEDA-42D9-ACBD-D24D25E258E0}
	EndGlobalSection
EndGlobal
